{
		"requires": true,
		"lockfileVersion": 1,
		"dependencies": {
				"binary-search": {
						"version": "1.3.4",
						"resolved": "https://registry.npmjs.org/binary-search/-/binary-search-1.3.4.tgz",
						"integrity": "sha512-dPxU/vZLnH0tEVjVPgi015oSwqu6oLfCeHywuFRhBE0yM0mYocvleTl8qsdM1YFhRzTRhM1+VzS8XLDVrHPopg=="
				},
				"csv-parse": {
						"version": "4.3.0",
						"resolved": "https://registry.npmjs.org/csv-parse/-/csv-parse-4.3.0.tgz",
						"integrity": "sha512-vrZTSMG/6a5EI30ICFU8IQ1kR3xXXoC3Z7jaUv76E5uCgFahr2sffRoTAffvEd1JZNssAgalI4DaEFUnXqQCGw=="
				}
		}
}
